
Microsoft Visual Studio Solution File, Format Version 12.00
# Visual Studio Version 16
VisualStudioVersion = 16.0.30204.135
MinimumVisualStudioVersion = 10.0.40219.1
Project("{FAE04EC0-301F-11D3-BF4B-00C04F79EFBC}") = "FacebookAutomation", "FacebookAutomation\FacebookAutomation.csproj", "{AE0F8BF8-18C2-4608-9B08-E2866487D88A}"
EndProject
Global
	GlobalSection(SolutionConfigurationPlatforms) = preSolution
		Debug|Any CPU = Debug|Any CPU
		Release|Any CPU = Release|Any CPU
	EndGlobalSection
	GlobalSection(ProjectConfigurationPlatforms) = postSolution
		{AE0F8BF8-18C2-4608-9B08-E2866487D88A}.Debug|Any CPU.ActiveCfg = Debug|Any CPU
		{AE0F8BF8-18C2-4608-9B08-E2866487D88A}.Debug|Any CPU.Build.0 = Debug|Any CPU
		{AE0F8BF8-18C2-4608-9B08-E2866487D88A}.Release|Any CPU.ActiveCfg = Release|Any CPU
		{AE0F8BF8-18C2-4608-9B08-E2866487D88A}.Release|Any CPU.Build.0 = Release|Any CPU
	EndGlobalSection
	GlobalSection(SolutionProperties) = preSolution
		HideSolutionNode = FALSE
	EndGlobalSection
	GlobalSection(ExtensibilityGlobals) = postSolution
		SolutionGuid = {D0930BC9-49D9-4F4D-A191-9DD9D81D04D8}
	EndGlobalSection
EndGlobal
